
Microsoft Visual Studio Solution File, Format Version 12.00
# Visual Studio Version 16
VisualStudioVersion = 16.0.32802.440
MinimumVisualStudioVersion = 10.0.40219.1
Project("{FAE04EC0-301F-11D3-BF4B-00C04F79EFBC}") = "ShoppingAPI", "ShoppingAPI.csproj", "{8CEA2803-CD0A-4312-9221-6F1C7DAAEEFA}"
EndProject
Global
	GlobalSection(SolutionConfigurationPlatforms) = preSolution
		Debug|Any CPU = Debug|Any CPU
		Release|Any CPU = Release|Any CPU
	EndGlobalSection
	GlobalSection(ProjectConfigurationPlatforms) = postSolution
		{8CEA2803-CD0A-4312-9221-6F1C7DAAEEFA}.Debug|Any CPU.ActiveCfg = Debug|Any CPU
		{8CEA2803-CD0A-4312-9221-6F1C7DAAEEFA}.Debug|Any CPU.Build.0 = Debug|Any CPU
		{8CEA2803-CD0A-4312-9221-6F1C7DAAEEFA}.Release|Any CPU.ActiveCfg = Release|Any CPU
		{8CEA2803-CD0A-4312-9221-6F1C7DAAEEFA}.Release|Any CPU.Build.0 = Release|Any CPU
	EndGlobalSection
	GlobalSection(SolutionProperties) = preSolution
		HideSolutionNode = FALSE
	EndGlobalSection
	GlobalSection(ExtensibilityGlobals) = postSolution
		SolutionGuid = {1C8E5134-B363-40D0-BBF7-5AC3BD809820}
	EndGlobalSection
EndGlobal
